# THIS IS AN AUTOGENERATED FILE. DO NOT EDIT THIS FILE DIRECTLY.
# yarn lockfile v1


commander@^8.0.0:
  version "8.0.0"
  resolved "https://registry.nlark.com/commander/download/commander-8.0.0.tgz?cache=0&sync_timestamp=1624609618679&other_urls=https%3A%2F%2Fregistry.nlark.com%2Fcommander%2Fdownload%2Fcommander-8.0.0.tgz#1da2139548caef59bd23e66d18908dfb54b02258"
  integrity sha1-HaITlUjK71m9I+ZtGJCN+1SwIlg=

fs@^0.0.1-security:
  version "0.0.1-security"
  resolved "https://registry.npm.taobao.org/fs/download/fs-0.0.1-security.tgz#8a7bd37186b6dddf3813f23858b57ecaaf5e41d4"
  integrity sha1-invTcYa23d84E/I4WLV+yq9eQdQ=

xmldom@^0.6.0:
  version "0.6.0"
  resolved "https://registry.nlark.com/xmldom/download/xmldom-0.6.0.tgz#43a96ecb8beece991cef382c08397d82d4d0c46f"
  integrity sha1-Q6luy4vuzpkc7zgsCDl9gtTQxG8=
